{
    "_meta": {
        "hash": {
            "sha256": "27fe2317368c6aafe1178f61ac2743c4db132384ed8fbe5f883cc1196d32b5b2"
        },
        "host-environment-markers": {
            "implementation_name": "cpython",
            "implementation_version": "3.6.4",
            "os_name": "posix",
            "platform_machine": "x86_64",
            "platform_python_implementation": "CPython",
            "platform_release": "4.15.0-39-generic",
            "platform_system": "Linux",
            "platform_version": "#42~16.04.1-Ubuntu SMP Wed Oct 24 17:09:54 UTC 2018",
            "python_full_version": "3.6.4",
            "python_version": "3.6",
            "sys_platform": "linux"
        },
        "pipfile-spec": 6,
        "requires": {
            "python_version": "3.6"
        },
        "sources": [
            {
                "name": "pypi",
                "url": "https://pypi.org/simple",
                "verify_ssl": true
            }
        ]
    },
    "default": {
        "backcall": {
            "hashes": [],
            "version": "==0.1.0"
        },
        "beautifulsoup4": {
            "hashes": [],
            "version": "==4.6.3"
        },
        "bleach": {
            "hashes": [],
            "version": "==3.0.2"
        },
        "certifi": {
            "hashes": [],
            "version": "==2018.10.15"
        },
        "chardet": {
            "hashes": [],
            "version": "==3.0.4"
        },
        "decorator": {
            "hashes": [],
            "version": "==4.3.0"
        },
        "defusedxml": {
            "hashes": [],
            "version": "==0.5.0"
        },
        "entrypoints": {
            "hashes": [],
            "version": "==0.2.3"
        },
        "idna": {
            "hashes": [],
            "version": "==2.7"
        },
        "ipykernel": {
            "hashes": [],
            "version": "==5.1.0"
        },
        "ipython": {
            "hashes": [],
            "version": "==7.1.1"
        },
        "ipython-genutils": {
            "hashes": [],
            "version": "==0.2.0"
        },
        "jedi": {
            "hashes": [],
            "version": "==0.13.1"
        },
        "jinja2": {
            "hashes": [],
            "version": "==2.10"
        },
        "jsonschema": {
            "hashes": [],
            "version": "==2.6.0"
        },
        "jupyter-client": {
            "hashes": [],
            "version": "==5.2.3"
        },
        "jupyter-core": {
            "hashes": [],
            "version": "==4.4.0"
        },
        "jupyterlab": {
            "hashes": [],
            "version": "==0.35.4"
        },
        "jupyterlab-server": {
            "hashes": [],
            "version": "==0.2.0"
        },
        "lxml": {
            "hashes": [],
            "version": "==4.2.5"
        },
        "markupsafe": {
            "hashes": [],
            "version": "==1.1.0"
        },
        "mistune": {
            "hashes": [],
            "version": "==0.8.4"
        },
        "nbconvert": {
            "hashes": [],
            "version": "==5.4.0"
        },
        "nbformat": {
            "hashes": [],
            "version": "==4.4.0"
        },
        "notebook": {
            "hashes": [],
            "version": "==5.7.2"
        },
        "numpy": {
            "hashes": [],
            "version": "==1.15.4"
        },
        "pandas": {
            "hashes": [],
            "version": "==0.23.4"
        },
        "pandocfilters": {
            "hashes": [],
            "version": "==1.4.2"
        },
        "parso": {
            "hashes": [],
            "version": "==0.3.1"
        },
        "pexpect": {
            "hashes": [],
            "markers": "sys_platform != 'win32'",
            "version": "==4.6.0"
        },
        "pickleshare": {
            "hashes": [],
            "version": "==0.7.5"
        },
        "prometheus-client": {
            "hashes": [],
            "version": "==0.4.2"
        },
        "prompt-toolkit": {
            "hashes": [],
            "version": "==2.0.7"
        },
        "ptyprocess": {
            "hashes": [],
            "version": "==0.6.0"
        },
        "pygments": {
            "hashes": [],
            "version": "==2.2.0"
        },
        "python-dateutil": {
            "hashes": [],
            "version": "==2.7.5"
        },
        "python-slugify": {
            "hashes": [],
            "version": "==1.2.6"
        },
        "pytz": {
            "hashes": [],
            "version": "==2018.7"
        },
        "pyzmq": {
            "hashes": [],
            "version": "==17.1.2"
        },
        "requests": {
            "hashes": [],
            "version": "==2.20.1"
        },
        "send2trash": {
            "hashes": [],
            "version": "==1.5.0"
        },
        "six": {
            "hashes": [],
            "version": "==1.11.0"
        },
        "terminado": {
            "hashes": [],
            "version": "==0.8.1"
        },
        "testpath": {
            "hashes": [],
            "version": "==0.4.2"
        },
        "tornado": {
            "hashes": [],
            "version": "==5.1.1"
        },
        "traitlets": {
            "hashes": [],
            "version": "==4.3.2"
        },
        "unidecode": {
            "hashes": [],
            "version": "==1.0.23"
        },
        "urllib3": {
            "hashes": [],
            "version": "==1.24.1"
        },
        "wcwidth": {
            "hashes": [],
            "version": "==0.1.7"
        },
        "webencodings": {
            "hashes": [],
            "version": "==0.5.1"
        }
    },
    "develop": {}
}
